Microsoft Visual Studio Solution File, Format Version 12.00
# Visual Studio Version 17
VisualStudioVersion = 17.5.2.0
MinimumVisualStudioVersion = 10.0.40219.1
Project("{FAE04EC0-301F-11D3-BF4B-00C04F79EFBC}") = "AlternateSeries", "AlternateSeries\AlternateSeries.csproj", "{3DDE73A7-17EE-B3A5-1F82-C3DC63565442}"
EndProject
Global
	GlobalSection(SolutionConfigurationPlatforms) = preSolution
		Debug|Any CPU = Debug|Any CPU
		Release|Any CPU = Release|Any CPU
	EndGlobalSection
	GlobalSection(ProjectConfigurationPlatforms) = postSolution
		{3DDE73A7-17EE-B3A5-1F82-C3DC63565442}.Debug|Any CPU.ActiveCfg = Debug|Any CPU
		{3DDE73A7-17EE-B3A5-1F82-C3DC63565442}.Debug|Any CPU.Build.0 = Debug|Any CPU
		{3DDE73A7-17EE-B3A5-1F82-C3DC63565442}.Release|Any CPU.ActiveCfg = Release|Any CPU
		{3DDE73A7-17EE-B3A5-1F82-C3DC63565442}.Release|Any CPU.Build.0 = Release|Any CPU
	EndGlobalSection
	GlobalSection(SolutionProperties) = preSolution
		HideSolutionNode = FALSE
	EndGlobalSection
	GlobalSection(ExtensibilityGlobals) = postSolution
		SolutionGuid = {559E85F2-8366-4708-9DE0-ADD8E0C298C3}
	EndGlobalSection
EndGlobal
